
Microsoft Visual Studio Solution File, Format Version 12.00
# Visual Studio Version 16
VisualStudioVersion = 16.0.31729.503
MinimumVisualStudioVersion = 10.0.40219.1
Project("{FAE04EC0-301F-11D3-BF4B-00C04F79EFBC}") = "AutoCAD_Plugins", "AutoCAD_Plugins\AutoCAD_Plugins.csproj", "{01F28BAF-01D5-43B6-BE41-E012B68719FE}"
EndProject
Project("{FAE04EC0-301F-11D3-BF4B-00C04F79EFBC}") = "Civil3D_Plugins", "Civil3D_Plugins\Civil3D_Plugins.csproj", "{FC9CEBC2-894B-4D71-ACCB-709BA95C1840}"
EndProject
Global
	GlobalSection(SolutionConfigurationPlatforms) = preSolution
		Debug|Any CPU = Debug|Any CPU
		Release|Any CPU = Release|Any CPU
	EndGlobalSection
	GlobalSection(ProjectConfigurationPlatforms) = postSolution
		{01F28BAF-01D5-43B6-BE41-E012B68719FE}.Debug|Any CPU.ActiveCfg = Debug|Any CPU
		{01F28BAF-01D5-43B6-BE41-E012B68719FE}.Debug|Any CPU.Build.0 = Debug|Any CPU
		{01F28BAF-01D5-43B6-BE41-E012B68719FE}.Release|Any CPU.ActiveCfg = Release|Any CPU
		{01F28BAF-01D5-43B6-BE41-E012B68719FE}.Release|Any CPU.Build.0 = Release|Any CPU
		{FC9CEBC2-894B-4D71-ACCB-709BA95C1840}.Debug|Any CPU.ActiveCfg = Debug|Any CPU
		{FC9CEBC2-894B-4D71-ACCB-709BA95C1840}.Debug|Any CPU.Build.0 = Debug|Any CPU
		{FC9CEBC2-894B-4D71-ACCB-709BA95C1840}.Release|Any CPU.ActiveCfg = Release|Any CPU
		{FC9CEBC2-894B-4D71-ACCB-709BA95C1840}.Release|Any CPU.Build.0 = Release|Any CPU
	EndGlobalSection
	GlobalSection(SolutionProperties) = preSolution
		HideSolutionNode = FALSE
	EndGlobalSection
	GlobalSection(ExtensibilityGlobals) = postSolution
		SolutionGuid = {D30AEFF0-FE32-44AA-9004-33E0D8A68735}
	EndGlobalSection
EndGlobal
